
Microsoft Visual Studio Solution File, Format Version 12.00
# Visual Studio Version 17
VisualStudioVersion = 17.9.34902.65
MinimumVisualStudioVersion = 10.0.40219.1
Project("{FAE04EC0-301F-11D3-BF4B-00C04F79EFBC}") = "Blazor-Reenbit", "Blazor-Reenbit\Blazor-Reenbit.csproj", "{F549F809-4560-4117-820A-CF2E0C9F5CFF}"
EndProject
Global
	GlobalSection(SolutionConfigurationPlatforms) = preSolution
		Debug|Any CPU = Debug|Any CPU
		Release|Any CPU = Release|Any CPU
	EndGlobalSection
	GlobalSection(ProjectConfigurationPlatforms) = postSolution
		{F549F809-4560-4117-820A-CF2E0C9F5CFF}.Debug|Any CPU.ActiveCfg = Debug|Any CPU
		{F549F809-4560-4117-820A-CF2E0C9F5CFF}.Debug|Any CPU.Build.0 = Debug|Any CPU
		{F549F809-4560-4117-820A-CF2E0C9F5CFF}.Release|Any CPU.ActiveCfg = Release|Any CPU
		{F549F809-4560-4117-820A-CF2E0C9F5CFF}.Release|Any CPU.Build.0 = Release|Any CPU
	EndGlobalSection
	GlobalSection(SolutionProperties) = preSolution
		HideSolutionNode = FALSE
	EndGlobalSection
	GlobalSection(ExtensibilityGlobals) = postSolution
		SolutionGuid = {0B14521D-853D-4EB3-B860-DD203DE54F7D}
	EndGlobalSection
EndGlobal
